// !$*UTF8*$!
{
	archiveVersion = 1;
	classes = {
	};
	objectVersion = 46;
	objects = {

/* Begin PBXBuildFile section */
		993AEA42180C7BA200716DB3 /* Foundation.framework in Frameworks */ = {isa = PBXBuildFile; fileRef = 993AEA41180C7BA200716DB3 /* Foundation.framework */; };
		993AEA44180C7BA200716DB3 /* CoreGraphics.framework in Frameworks */ = {isa = PBXBuildFile; fileRef = 993AEA43180C7BA200716DB3 /* CoreGraphics.framework */; };
		993AEA46180C7BA200716DB3 /* UIKit.framework in Frameworks */ = {isa = PBXBuildFile; fileRef = 993AEA45180C7BA200716DB3 /* UIKit.framework */; };
		993AEA4C180C7BA200716DB3 /* InfoPlist.strings in Resources */ = {isa = PBXBuildFile; fileRef = 993AEA4A180C7BA200716DB3 /* InfoPlist.strings */; };
		993AEA4E180C7BA200716DB3 /* main.m in Sources */ = {isa = PBXBuildFile; fileRef = 993AEA4D180C7BA200716DB3 /* main.m */; };
		993AEA52180C7BA200716DB3 /* BullsEyeAppDelegate.m in Sources */ = {isa = PBXBuildFile; fileRef = 993AEA51180C7BA200716DB3 /* BullsEyeAppDelegate.m */; };
		993AEA55180C7BA200716DB3 /* Main.storyboard in Resources */ = {isa = PBXBuildFile; fileRef = 993AEA53180C7BA200716DB3 /* Main.storyboard */; };
		993AEA58180C7BA200716DB3 /* BullsEyeViewController.m in Sources */ = {isa = PBXBuildFile; fileRef = 993AEA57180C7BA200716DB3 /* BullsEyeViewController.m */; };
		993AEA5A180C7BA200716DB3 /* Images.xcassets in Resources */ = {isa = PBXBuildFile; fileRef = 993AEA59180C7BA200716DB3 /* Images.xcassets */; };
		993AEA61180C7BA200716DB3 /* XCTest.framework in Frameworks */ = {isa = PBXBuildFile; fileRef = 993AEA60180C7BA200716DB3 /* XCTest.framework */; };
		993AEA62180C7BA200716DB3 /* Foundation.framework in Frameworks */ = {isa = PBXBuildFile; fileRef = 993AEA41180C7BA200716DB3 /* Foundation.framework */; };
		993AEA63180C7BA200716DB3 /* UIKit.framework in Frameworks */ = {isa = PBXBuildFile; fileRef = 993AEA45180C7BA200716DB3 /* UIKit.framework */; };
		993AEA6B180C7BA200716DB3 /* InfoPlist.strings in Resources */ = {isa = PBXBuildFile; fileRef = 993AEA69180C7BA200716DB3 /* InfoPlist.strings */; };
		993AEA6D180C7BA200716DB3 /* BullsEyeTests.m in Sources */ = {isa = PBXBuildFile; fileRef = 993AEA6C180C7BA200716DB3 /* BullsEyeTests.m */; };
/* End PBXBuildFile section */

/* Begin PBXContainerItemProxy section */
		993AEA64180C7BA200716DB3 /* PBXContainerItemProxy */ = {
			isa = PBXContainerItemProxy;
			containerPortal = 993AEA36180C7BA200716DB3 /* Project object */;
			proxyType = 1;
			remoteGlobalIDString = 993AEA3D180C7BA200716DB3;
			remoteInfo = BullsEye;
		};
/* End PBXContainerItemProxy section */

/* Begin PBXFileReference section */
		993AEA3E180C7BA200716DB3 /* BullsEye.app */ = {isa = PBXFileReference; explicitFileType = wrapper.application; includeInIndex = 0; path = BullsEye.app; sourceTree = BUILT_PRODUCTS_DIR; };
		993AEA41180C7BA200716DB3 /* Foundation.framework */ = {isa = PBXFileReference; lastKnownFileType = wrapper.framework; name = Foundation.framework; path = System/Library/Frameworks/Foundation.framework; sourceTree = SDKROOT; };
		993AEA43180C7BA200716DB3 /* CoreGraphics.framework */ = {isa = PBXFileReference; lastKnownFileType = wrapper.framework; name = CoreGraphics.framework; path = System/Library/Frameworks/CoreGraphics.framework; sourceTree = SDKROOT; };
		993AEA45180C7BA200716DB3 /* UIKit.framework */ = {isa = PBXFileReference; lastKnownFileType = wrapper.framework; name = UIKit.framework; path = System/Library/Frameworks/UIKit.framework; sourceTree = SDKROOT; };
		993AEA49180C7BA200716DB3 /* BullsEye-Info.plist */ = {isa = PBXFileReference; lastKnownFileType = text.plist.xml; path = "BullsEye-Info.plist"; sourceTree = "<group>"; };
		993AEA4B180C7BA200716DB3 /* en */ = {isa = PBXFileReference; lastKnownFileType = text.plist.strings; name = en; path = en.lproj/InfoPlist.strings; sourceTree = "<group>"; };
		993AEA4D180C7BA200716DB3 /* main.m */ = {isa = PBXFileReference; lastKnownFileType = sourcecode.c.objc; path = main.m; sourceTree = "<group>"; };
		993AEA4F180C7BA200716DB3 /* BullsEye-Prefix.pch */ = {isa = PBXFileReference; lastKnownFileType = sourcecode.c.h; path = "BullsEye-Prefix.pch"; sourceTree = "<group>"; };
		993AEA50180C7BA200716DB3 /* BullsEyeAppDelegate.h */ = {isa = PBXFileReference; lastKnownFileType = sourcecode.c.h; path = BullsEyeAppDelegate.h; sourceTree = "<group>"; };
		993AEA51180C7BA200716DB3 /* BullsEyeAppDelegate.m */ = {isa = PBXFileReference; lastKnownFileType = sourcecode.c.objc; path = BullsEyeAppDelegate.m; sourceTree = "<group>"; };
		993AEA54180C7BA200716DB3 /* Base */ = {isa = PBXFileReference; lastKnownFileType = file.storyboard; name = Base; path = Base.lproj/Main.storyboard; sourceTree = "<group>"; };
		993AEA56180C7BA200716DB3 /* BullsEyeViewController.h */ = {isa = PBXFileReference; lastKnownFileType = sourcecode.c.h; path = BullsEyeViewController.h; sourceTree = "<group>"; };
		993AEA57180C7BA200716DB3 /* BullsEyeViewController.m */ = {isa = PBXFileReference; lastKnownFileType = sourcecode.c.objc; path = BullsEyeViewController.m; sourceTree = "<group>"; };
		993AEA59180C7BA200716DB3 /* Images.xcassets */ = {isa = PBXFileReference; lastKnownFileType = folder.assetcatalog; path = Images.xcassets; sourceTree = "<group>"; };
		993AEA5F180C7BA200716DB3 /* BullsEyeTests.xctest */ = {isa = PBXFileReference; explicitFileType = wrapper.cfbundle; includeInIndex = 0; path = BullsEyeTests.xctest; sourceTree = BUILT_PRODUCTS_DIR; };
		993AEA60180C7BA200716DB3 /* XCTest.framework */ = {isa = PBXFileReference; lastKnownFileType = wrapper.framework; name = XCTest.framework; path = Library/Frameworks/XCTest.framework; sourceTree = DEVELOPER_DIR; };
		993AEA68180C7BA200716DB3 /* BullsEyeTests-Info.plist */ = {isa = PBXFileReference; lastKnownFileType = text.plist.xml; path = "BullsEyeTests-Info.plist"; sourceTree = "<group>"; };
		993AEA6A180C7BA200716DB3 /* en */ = {isa = PBXFileReference; lastKnownFileType = text.plist.strings; name = en; path = en.lproj/InfoPlist.strings; sourceTree = "<group>"; };
		993AEA6C180C7BA200716DB3 /* BullsEyeTests.m */ = {isa = PBXFileReference; lastKnownFileType = sourcecode.c.objc; path = BullsEyeTests.m; sourceTree = "<group>"; };
/* End PBXFileReference section */

/* Begin PBXFrameworksBuildPhase section */
		993AEA3B180C7BA200716DB3 /* Frameworks */ = {
			isa = PBXFrameworksBuildPhase;
			buildActionMask = 2147483647;
			files = (
				993AEA44180C7BA200716DB3 /* CoreGraphics.framework in Frameworks */,
				993AEA46180C7BA200716DB3 /* UIKit.framework in Frameworks */,
				993AEA42180C7BA200716DB3 /* Foundation.framework in Frameworks */,
			);
			runOnlyForDeploymentPostprocessing = 0;
		};
		993AEA5C180C7BA200716DB3 /* Frameworks */ = {
			isa = PBXFrameworksBuildPhase;
			buildActionMask = 2147483647;
			files = (
				993AEA61180C7BA200716DB3 /* XCTest.framework in Frameworks */,
				993AEA63180C7BA200716DB3 /* UIKit.framework in Frameworks */,
				993AEA62180C7BA200716DB3 /* Foundation.framework in Frameworks */,
			);
			runOnlyForDeploymentPostprocessing = 0;
		};
/* End PBXFrameworksBuildPhase section */

/* Begin PBXGroup section */
		993AEA35180C7BA200716DB3 = {
			isa = PBXGroup;
			children = (
				993AEA47180C7BA200716DB3 /* BullsEye */,
				993AEA66180C7BA200716DB3 /* BullsEyeTests */,
				993AEA40180C7BA200716DB3 /* Frameworks */,
				993AEA3F180C7BA200716DB3 /* Products */,
			);
			sourceTree = "<group>";
		};
		993AEA3F180C7BA200716DB3 /* Products */ = {
			isa = PBXGroup;
			children = (
				993AEA3E180C7BA200716DB3 /* BullsEye.app */,
				993AEA5F180C7BA200716DB3 /* BullsEyeTests.xctest */,
			);
			name = Products;
			sourceTree = "<group>";
		};
		993AEA40180C7BA200716DB3 /* Frameworks */ = {
			isa = PBXGroup;
			children = (
				993AEA41180C7BA200716DB3 /* Foundation.framework */,
				993AEA43180C7BA200716DB3 /* CoreGraphics.framework */,
				993AEA45180C7BA200716DB3 /* UIKit.framework */,
				993AEA60180C7BA200716DB3 /* XCTest.framework */,
			);
			name = Frameworks;
			sourceTree = "<group>";
		};
		993AEA47180C7BA200716DB3 /* BullsEye */ = {
			isa = PBXGroup;
			children = (
				993AEA50180C7BA200716DB3 /* BullsEyeAppDelegate.h */,
				993AEA51180C7BA200716DB3 /* BullsEyeAppDelegate.m */,
				993AEA53180C7BA200716DB3 /* Main.storyboard */,
				993AEA56180C7BA200716DB3 /* BullsEyeViewController.h */,
				993AEA57180C7BA200716DB3 /* BullsEyeViewController.m */,
				993AEA59180C7BA200716DB3 /* Images.xcassets */,
				993AEA48180C7BA200716DB3 /* Supporting Files */,
			);
			path = BullsEye;
			sourceTree = "<group>";
		};
		993AEA48180C7BA200716DB3 /* Supporting Files */ = {
			isa = PBXGroup;
			children = (
				993AEA49180C7BA200716DB3 /* BullsEye-Info.plist */,
				993AEA4A180C7BA200716DB3 /* InfoPlist.strings */,
				993AEA4D180C7BA200716DB3 /* main.m */,
				993AEA4F180C7BA200716DB3 /* BullsEye-Prefix.pch */,
			);
			name = "Supporting Files";
			sourceTree = "<group>";
		};
		993AEA66180C7BA200716DB3 /* BullsEyeTests */ = {
			isa = PBXGroup;
			children = (
				993AEA6C180C7BA200716DB3 /* BullsEyeTests.m */,
				993AEA67180C7BA200716DB3 /* Supporting Files */,
			);
			path = BullsEyeTests;
			sourceTree = "<group>";
		};
		993AEA67180C7BA200716DB3 /* Supporting Files */ = {
			isa = PBXGroup;
			children = (
				993AEA68180C7BA200716DB3 /* BullsEyeTests-Info.plist */,
				993AEA69180C7BA200716DB3 /* InfoPlist.strings */,
			);
			name = "Supporting Files";
			sourceTree = "<group>";
		};
/* End PBXGroup section */

/* Begin PBXNativeTarget section */
		993AEA3D180C7BA200716DB3 /* BullsEye */ = {
			isa = PBXNativeTarget;
			buildConfigurationList = 993AEA70180C7BA200716DB3 /* Build configuration list for PBXNativeTarget "BullsEye" */;
			buildPhases = (
				993AEA3A180C7BA200716DB3 /* Sources */,
				993AEA3B180C7BA200716DB3 /* Frameworks */,
				993AEA3C180C7BA200716DB3 /* Resources */,
			);
			buildRules = (
			);
			dependencies = (
			);
			name = BullsEye;
			productName = BullsEye;
			productReference = 993AEA3E180C7BA200716DB3 /* BullsEye.app */;
			productType = "com.apple.product-type.application";
		};
		993AEA5E180C7BA200716DB3 /* BullsEyeTests */ = {
			isa = PBXNativeTarget;
			buildConfigurationList = 993AEA73180C7BA200716DB3 /* Build configuration list for PBXNativeTarget "BullsEyeTests" */;
			buildPhases = (
				993AEA5B180C7BA200716DB3 /* Sources */,
				993AEA5C180C7BA200716DB3 /* Frameworks */,
				993AEA5D180C7BA200716DB3 /* Resources */,
			);
			buildRules = (
			);
			dependencies = (
				993AEA65180C7BA200716DB3 /* PBXTargetDependency */,
			);
			name = BullsEyeTests;
			productName = BullsEyeTests;
			productReference = 993AEA5F180C7BA200716DB3 /* BullsEyeTests.xctest */;
			productType = "com.apple.product-type.bundle.unit-test";
		};
/* End PBXNativeTarget section */

/* Begin PBXProject section */
		993AEA36180C7BA200716DB3 /* Project object */ = {
			isa = PBXProject;
			attributes = {
				CLASSPREFIX = BullsEye;
				LastUpgradeCheck = 0500;
				ORGANIZATIONNAME = "Digital Javelina, LLC";
				TargetAttributes = {
					993AEA5E180C7BA200716DB3 = {
						TestTargetID = 993AEA3D180C7BA200716DB3;
					};
				};
			};
			buildConfigurationList = 993AEA39180C7BA200716DB3 /* Build configuration list for PBXProject "BullsEye" */;
			compatibilityVersion = "Xcode 3.2";
			developmentRegion = English;
			hasScannedForEncodings = 0;
			knownRegions = (
				en,
				Base,
			);
			mainGroup = 993AEA35180C7BA200716DB3;
			productRefGroup = 993AEA3F180C7BA200716DB3 /* Products */;
			projectDirPath = "";
			projectRoot = "";
			targets = (
				993AEA3D180C7BA200716DB3 /* BullsEye */,
				993AEA5E180C7BA200716DB3 /* BullsEyeTests */,
			);
		};
/* End PBXProject section */

/* Begin PBXResourcesBuildPhase section */
		993AEA3C180C7BA200716DB3 /* Resources */ = {
			isa = PBXResourcesBuildPhase;
			buildActionMask = 2147483647;
			files = (
				993AEA5A180C7BA200716DB3 /* Images.xcassets in Resources */,
				993AEA4C180C7BA200716DB3 /* InfoPlist.strings in Resources */,
				993AEA55180C7BA200716DB3 /* Main.storyboard in Resources */,
			);
			runOnlyForDeploymentPostprocessing = 0;
		};
		993AEA5D180C7BA200716DB3 /* Resources */ = {
			isa = PBXResourcesBuildPhase;
			buildActionMask = 2147483647;
			files = (
				993AEA6B180C7BA200716DB3 /* InfoPlist.strings in Resources */,
			);
			runOnlyForDeploymentPostprocessing = 0;
		};
/* End PBXResourcesBuildPhase section */

/* Begin PBXSourcesBuildPhase section */
		993AEA3A180C7BA200716DB3 /* Sources */ = {
			isa = PBXSourcesBuildPhase;
			buildActionMask = 2147483647;
			files = (
				993AEA4E180C7BA200716DB3 /* main.m in Sources */,
				993AEA58180C7BA200716DB3 /* BullsEyeViewController.m in Sources */,
				993AEA52180C7BA200716DB3 /* BullsEyeAppDelegate.m in Sources */,
			);
			runOnlyForDeploymentPostprocessing = 0;
		};
		993AEA5B180C7BA200716DB3 /* Sources */ = {
			isa = PBXSourcesBuildPhase;
			buildActionMask = 2147483647;
			files = (
				993AEA6D180C7BA200716DB3 /* BullsEyeTests.m in Sources */,
			);
			runOnlyForDeploymentPostprocessing = 0;
		};
/* End PBXSourcesBuildPhase section */

/* Begin PBXTargetDependency section */
		993AEA65180C7BA200716DB3 /* PBXTargetDependency */ = {
			isa = PBXTargetDependency;
			target = 993AEA3D180C7BA200716DB3 /* BullsEye */;
			targetProxy = 993AEA64180C7BA200716DB3 /* PBXContainerItemProxy */;
		};
/* End PBXTargetDependency section */

/* Begin PBXVariantGroup section */
		993AEA4A180C7BA200716DB3 /* InfoPlist.strings */ = {
			isa = PBXVariantGroup;
			children = (
				993AEA4B180C7BA200716DB3 /* en */,
			);
			name = InfoPlist.strings;
			sourceTree = "<group>";
		};
		993AEA53180C7BA200716DB3 /* Main.storyboard */ = {
			isa = PBXVariantGroup;
			children = (
				993AEA54180C7BA200716DB3 /* Base */,
			);
			name = Main.storyboard;
			sourceTree = "<group>";
		};
		993AEA69180C7BA200716DB3 /* InfoPlist.strings */ = {
			isa = PBXVariantGroup;
			children = (
				993AEA6A180C7BA200716DB3 /* en */,
			);
			name = InfoPlist.strings;
			sourceTree = "<group>";
		};
/* End PBXVariantGroup section */

/* Begin XCBuildConfiguration section */
		993AEA6E180C7BA200716DB3 /* Debug */ = {
			isa = XCBuildConfiguration;
			buildSettings = {
				ALWAYS_SEARCH_USER_PATHS = NO;
				ARCHS = "$(ARCHS_STANDARD_INCLUDING_64_BIT)";
				CLANG_CXX_LANGUAGE_STANDARD = "gnu++0x";
				CLANG_CXX_LIBRARY = "libc++";
				CLANG_ENABLE_MODULES = YES;
				CLANG_ENABLE_OBJC_ARC = YES;
				CLANG_WARN_BOOL_CONVERSION = YES;
				CLANG_WARN_CONSTANT_CONVERSION = YES;
				CLANG_WARN_DIRECT_OBJC_ISA_USAGE = YES_ERROR;
				CLANG_WARN_EMPTY_BODY = YES;
				CLANG_WARN_ENUM_CONVERSION = YES;
				CLANG_WARN_INT_CONVERSION = YES;
				CLANG_WARN_OBJC_ROOT_CLASS = YES_ERROR;
				CLANG_WARN__DUPLICATE_METHOD_MATCH = YES;
				"CODE_SIGN_IDENTITY[sdk=iphoneos*]" = "iPhone Developer";
				COPY_PHASE_STRIP = NO;
				GCC_C_LANGUAGE_STANDARD = gnu99;
				GCC_DYNAMIC_NO_PIC = NO;
				GCC_OPTIMIZATION_LEVEL = 0;
				GCC_PREPROCESSOR_DEFINITIONS = (
					"DEBUG=1",
					"$(inherited)",
				);
				GCC_SYMBOLS_PRIVATE_EXTERN = NO;
				GCC_WARN_64_TO_32_BIT_CONVERSION = YES;
				GCC_WARN_ABOUT_RETURN_TYPE = YES_ERROR;
				GCC_WARN_UNDECLARED_SELECTOR = YES;
				GCC_WARN_UNINITIALIZED_AUTOS = YES;
				GCC_WARN_UNUSED_FUNCTION = YES;
				GCC_WARN_UNUSED_VARIABLE = YES;
				IPHONEOS_DEPLOYMENT_TARGET = 7.0;
				ONLY_ACTIVE_ARCH = YES;
				SDKROOT = iphoneos;
			};
			name = Debug;
		};
		993AEA6F180C7BA200716DB3 /* Release */ = {
			isa = XCBuildConfiguration;
			buildSettings = {
				ALWAYS_SEARCH_USER_PATHS = NO;
				ARCHS = "$(ARCHS_STANDARD_INCLUDING_64_BIT)";
				CLANG_CXX_LANGUAGE_STANDARD = "gnu++0x";
				CLANG_CXX_LIBRARY = "libc++";
				CLANG_ENABLE_MODULES = YES;
				CLANG_ENABLE_OBJC_ARC = YES;
				CLANG_WARN_BOOL_CONVERSION = YES;
				CLANG_WARN_CONSTANT_CONVERSION = YES;
				CLANG_WARN_DIRECT_OBJC_ISA_USAGE = YES_ERROR;
				CLANG_WARN_EMPTY_BODY = YES;
				CLANG_WARN_ENUM_CONVERSION = YES;
				CLANG_WARN_INT_CONVERSION = YES;
				CLANG_WARN_OBJC_ROOT_CLASS = YES_ERROR;
				CLANG_WARN__DUPLICATE_METHOD_MATCH = YES;
				"CODE_SIGN_IDENTITY[sdk=iphoneos*]" = "iPhone Developer";
				COPY_PHASE_STRIP = YES;
				ENABLE_NS_ASSERTIONS = NO;
				GCC_C_LANGUAGE_STANDARD = gnu99;
				GCC_WARN_64_TO_32_BIT_CONVERSION = YES;
				GCC_WARN_ABOUT_RETURN_TYPE = YES_ERROR;
				GCC_WARN_UNDECLARED_SELECTOR = YES;
				GCC_WARN_UNINITIALIZED_AUTOS = YES;
				GCC_WARN_UNUSED_FUNCTION = YES;
				GCC_WARN_UNUSED_VARIABLE = YES;
				IPHONEOS_DEPLOYMENT_TARGET = 7.0;
				SDKROOT = iphoneos;
				VALIDATE_PRODUCT = YES;
			};
			name = Release;
		};
		993AEA71180C7BA200716DB3 /* Debug */ = {
			isa = XCBuildConfiguration;
			buildSettings = {
				ASSETCATALOG_COMPILER_APPICON_NAME = AppIcon;
				ASSETCATALOG_COMPILER_LAUNCHIMAGE_NAME = LaunchImage;
				GCC_PRECOMPILE_PREFIX_HEADER = YES;
				GCC_PREFIX_HEADER = "BullsEye/BullsEye-Prefix.pch";
				INFOPLIST_FILE = "BullsEye/BullsEye-Info.plist";
				PRODUCT_NAME = "$(TARGET_NAME)";
				WRAPPER_EXTENSION = app;
			};
			name = Debug;
		};
		993AEA72180C7BA200716DB3 /* Release */ = {
			isa = XCBuildConfiguration;
			buildSettings = {
				ASSETCATALOG_COMPILER_APPICON_NAME = AppIcon;
				ASSETCATALOG_COMPILER_LAUNCHIMAGE_NAME = LaunchImage;
				GCC_PRECOMPILE_PREFIX_HEADER = YES;
				GCC_PREFIX_HEADER = "BullsEye/BullsEye-Prefix.pch";
				INFOPLIST_FILE = "BullsEye/BullsEye-Info.plist";
				PRODUCT_NAME = "$(TARGET_NAME)";
				WRAPPER_EXTENSION = app;
			};
			name = Release;
		};
		993AEA74180C7BA200716DB3 /* Debug */ = {
			isa = XCBuildConfiguration;
			buildSettings = {
				ARCHS = "$(ARCHS_STANDARD_INCLUDING_64_BIT)";
				BUNDLE_LOADER = "$(BUILT_PRODUCTS_DIR)/BullsEye.app/BullsEye";
				FRAMEWORK_SEARCH_PATHS = (
					"$(SDKROOT)/Developer/Library/Frameworks",
					"$(inherited)",
					"$(DEVELOPER_FRAMEWORKS_DIR)",
				);
				GCC_PRECOMPILE_PREFIX_HEADER = YES;
				GCC_PREFIX_HEADER = "BullsEye/BullsEye-Prefix.pch";
				GCC_PREPROCESSOR_DEFINITIONS = (
					"DEBUG=1",
					"$(inherited)",
				);
				INFOPLIST_FILE = "BullsEyeTests/BullsEyeTests-Info.plist";
				PRODUCT_NAME = "$(TARGET_NAME)";
				TEST_HOST = "$(BUNDLE_LOADER)";
				WRAPPER_EXTENSION = xctest;
			};
			name = Debug;
		};
		993AEA75180C7BA200716DB3 /* Release */ = {
			isa = XCBuildConfiguration;
			buildSettings = {
				ARCHS = "$(ARCHS_STANDARD_INCLUDING_64_BIT)";
				BUNDLE_LOADER = "$(BUILT_PRODUCTS_DIR)/BullsEye.app/BullsEye";
				FRAMEWORK_SEARCH_PATHS = (
					"$(SDKROOT)/Developer/Library/Frameworks",
					"$(inherited)",
					"$(DEVELOPER_FRAMEWORKS_DIR)",
				);
				GCC_PRECOMPILE_PREFIX_HEADER = YES;
				GCC_PREFIX_HEADER = "BullsEye/BullsEye-Prefix.pch";
				INFOPLIST_FILE = "BullsEyeTests/BullsEyeTests-Info.plist";
				PRODUCT_NAME = "$(TARGET_NAME)";
				TEST_HOST = "$(BUNDLE_LOADER)";
				WRAPPER_EXTENSION = xctest;
			};
			name = Release;
		};
/* End XCBuildConfiguration section */

/* Begin XCConfigurationList section */
		993AEA39180C7BA200716DB3 /* Build configuration list for PBXProject "BullsEye" */ = {
			isa = XCConfigurationList;
			buildConfigurations = (
				993AEA6E180C7BA200716DB3 /* Debug */,
				993AEA6F180C7BA200716DB3 /* Release */,
			);
			defaultConfigurationIsVisible = 0;
			defaultConfigurationName = Release;
		};
		993AEA70180C7BA200716DB3 /* Build configuration list for PBXNativeTarget "BullsEye" */ = {
			isa = XCConfigurationList;
			buildConfigurations = (
				993AEA71180C7BA200716DB3 /* Debug */,
				993AEA72180C7BA200716DB3 /* Release */,
			);
			defaultConfigurationIsVisible = 0;
		};
		993AEA73180C7BA200716DB3 /* Build configuration list for PBXNativeTarget "BullsEyeTests" */ = {
			isa = XCConfigurationList;
			buildConfigurations = (
				993AEA74180C7BA200716DB3 /* Debug */,
				993AEA75180C7BA200716DB3 /* Release */,
			);
			defaultConfigurationIsVisible = 0;
		};
/* End XCConfigurationList section */
	};
	rootObject = 993AEA36180C7BA200716DB3 /* Project object */;
}
